
Microsoft Visual Studio Solution File, Format Version 12.00
Project("{FAE04EC0-301F-11D3-BF4B-00C04F79EFBC}") = "Nandel.Extensions.Caching", "Nandel.Extensions.Caching.csproj", "{3376B420-5450-4934-9866-D06551BD061C}"
EndProject
Global
	GlobalSection(SolutionConfigurationPlatforms) = preSolution
		Debug|Any CPU = Debug|Any CPU
		Release|Any CPU = Release|Any CPU
	EndGlobalSection
	GlobalSection(ProjectConfigurationPlatforms) = postSolution
		{3376B420-5450-4934-9866-D06551BD061C}.Debug|Any CPU.ActiveCfg = Debug|Any CPU
		{3376B420-5450-4934-9866-D06551BD061C}.Debug|Any CPU.Build.0 = Debug|Any CPU
		{3376B420-5450-4934-9866-D06551BD061C}.Release|Any CPU.ActiveCfg = Release|Any CPU
		{3376B420-5450-4934-9866-D06551BD061C}.Release|Any CPU.Build.0 = Release|Any CPU
	EndGlobalSection
EndGlobal
